// !$*UTF8*$!
{
	archiveVersion = 1;
	classes = {
	};
	objectVersion = 50;
	objects = {

/* Begin PBXBuildFile section */
		C51CF04224E4B92800F90C2D /* URL+Extension.swift in Sources */ = {isa = PBXBuildFile; fileRef = C51CF04124E4B92800F90C2D /* URL+Extension.swift */; };
		C51CF04824E4C00200F90C2D /* String+Extension.swift in Sources */ = {isa = PBXBuildFile; fileRef = C51CF04724E4C00200F90C2D /* String+Extension.swift */; };
		C526E8CA24E30D73008290B2 /* AppDelegate.swift in Sources */ = {isa = PBXBuildFile; fileRef = C526E8C924E30D73008290B2 /* AppDelegate.swift */; };
		C526E8D324E30D75008290B2 /* Assets.xcassets in Resources */ = {isa = PBXBuildFile; fileRef = C526E8D224E30D75008290B2 /* Assets.xcassets */; };
		C526E8D624E30D75008290B2 /* LaunchScreen.storyboard in Resources */ = {isa = PBXBuildFile; fileRef = C526E8D424E30D75008290B2 /* LaunchScreen.storyboard */; };
		C526E8E124E30D75008290B2 /* MarvelCharactersServiceTests.swift in Sources */ = {isa = PBXBuildFile; fileRef = C526E8E024E30D75008290B2 /* MarvelCharactersServiceTests.swift */; };
		C55ACC8624E6359D009F88D3 /* ComicDetailViewController.swift in Sources */ = {isa = PBXBuildFile; fileRef = C55ACC8324E6359D009F88D3 /* ComicDetailViewController.swift */; };
		C55ACC8724E6359D009F88D3 /* ComicDetailViewModel.swift in Sources */ = {isa = PBXBuildFile; fileRef = C55ACC8424E6359D009F88D3 /* ComicDetailViewModel.swift */; };
		C55ACC8824E6359D009F88D3 /* ComicDetailView.swift in Sources */ = {isa = PBXBuildFile; fileRef = C55ACC8524E6359D009F88D3 /* ComicDetailView.swift */; };
		C55ACC8A24E63E05009F88D3 /* MarvelComicsService.swift in Sources */ = {isa = PBXBuildFile; fileRef = C55ACC8924E63E05009F88D3 /* MarvelComicsService.swift */; };
		C56A494824E4CDF9008D5DF0 /* MarvelCharacterAPI.swift in Sources */ = {isa = PBXBuildFile; fileRef = C56A494724E4CDF9008D5DF0 /* MarvelCharacterAPI.swift */; };
		C56A494F24E4D35E008D5DF0 /* ViewCodable.swift in Sources */ = {isa = PBXBuildFile; fileRef = C56A494E24E4D35E008D5DF0 /* ViewCodable.swift */; };
		C56A495424E4D442008D5DF0 /* CharactersView.swift in Sources */ = {isa = PBXBuildFile; fileRef = C56A495124E4D442008D5DF0 /* CharactersView.swift */; };
		C56A495524E4D442008D5DF0 /* CharactersViewController.swift in Sources */ = {isa = PBXBuildFile; fileRef = C56A495224E4D442008D5DF0 /* CharactersViewController.swift */; };
		C56A495624E4D442008D5DF0 /* CharactersViewModel.swift in Sources */ = {isa = PBXBuildFile; fileRef = C56A495324E4D442008D5DF0 /* CharactersViewModel.swift */; };
		C56A495824E4D9A4008D5DF0 /* MarvelCharactersService.swift in Sources */ = {isa = PBXBuildFile; fileRef = C56A495724E4D9A4008D5DF0 /* MarvelCharactersService.swift */; };
		C5A0CCB124E5DBF700511437 /* CharachtersTableViewCell.swift in Sources */ = {isa = PBXBuildFile; fileRef = C5A0CCB024E5DBF700511437 /* CharachtersTableViewCell.swift */; };
		C5A0CCB324E5DC3F00511437 /* UIView+Extension.swift in Sources */ = {isa = PBXBuildFile; fileRef = C5A0CCB224E5DC3F00511437 /* UIView+Extension.swift */; };
		C5A0CCB524E5DC5400511437 /* UIImage+Extension.swift in Sources */ = {isa = PBXBuildFile; fileRef = C5A0CCB424E5DC5400511437 /* UIImage+Extension.swift */; };
		C5A0CCBA24E618BC00511437 /* CharacterDetailViewModel.swift in Sources */ = {isa = PBXBuildFile; fileRef = C5A0CCB724E618BC00511437 /* CharacterDetailViewModel.swift */; };
		C5A0CCBB24E618BC00511437 /* CharacterDetailViewController.swift in Sources */ = {isa = PBXBuildFile; fileRef = C5A0CCB824E618BC00511437 /* CharacterDetailViewController.swift */; };
		C5A0CCBC24E618BC00511437 /* CharacterDetailView.swift in Sources */ = {isa = PBXBuildFile; fileRef = C5A0CCB924E618BC00511437 /* CharacterDetailView.swift */; };
		C5A7A3A924E656BB00CEFEAE /* MarvelComicsAPI.swift in Sources */ = {isa = PBXBuildFile; fileRef = C5A7A3A824E656BB00CEFEAE /* MarvelComicsAPI.swift */; };
		C5B66DA824E6467F0072EAE2 /* CharactersNavigationDelegateMock.swift in Sources */ = {isa = PBXBuildFile; fileRef = C5B66DA524E6467F0072EAE2 /* CharactersNavigationDelegateMock.swift */; };
		C5B66DA924E6467F0072EAE2 /* CharactersViewMock.swift in Sources */ = {isa = PBXBuildFile; fileRef = C5B66DA624E6467F0072EAE2 /* CharactersViewMock.swift */; };
		C5B66DAA24E6467F0072EAE2 /* MarvelCharactersServiceMock.swift in Sources */ = {isa = PBXBuildFile; fileRef = C5B66DA724E6467F0072EAE2 /* MarvelCharactersServiceMock.swift */; };
		C5E0780324E6460500BE852A /* CharactersViewModelTests.swift in Sources */ = {isa = PBXBuildFile; fileRef = C5E0780224E6460500BE852A /* CharactersViewModelTests.swift */; };
/* End PBXBuildFile section */

/* Begin PBXContainerItemProxy section */
		C526E8DD24E30D75008290B2 /* PBXContainerItemProxy */ = {
			isa = PBXContainerItemProxy;
			containerPortal = C526E8BE24E30D73008290B2 /* Project object */;
			proxyType = 1;
			remoteGlobalIDString = C526E8C524E30D73008290B2;
			remoteInfo = MarvelCharacters;
		};
/* End PBXContainerItemProxy section */

/* Begin PBXFileReference section */
		C51CF04124E4B92800F90C2D /* URL+Extension.swift */ = {isa = PBXFileReference; lastKnownFileType = sourcecode.swift; path = "URL+Extension.swift"; sourceTree = "<group>"; };
		C51CF04724E4C00200F90C2D /* String+Extension.swift */ = {isa = PBXFileReference; lastKnownFileType = sourcecode.swift; path = "String+Extension.swift"; sourceTree = "<group>"; };
		C526E8C624E30D73008290B2 /* MarvelCharacters.app */ = {isa = PBXFileReference; explicitFileType = wrapper.application; includeInIndex = 0; path = MarvelCharacters.app; sourceTree = BUILT_PRODUCTS_DIR; };
		C526E8C924E30D73008290B2 /* AppDelegate.swift */ = {isa = PBXFileReference; lastKnownFileType = sourcecode.swift; path = AppDelegate.swift; sourceTree = "<group>"; };
		C526E8D224E30D75008290B2 /* Assets.xcassets */ = {isa = PBXFileReference; lastKnownFileType = folder.assetcatalog; path = Assets.xcassets; sourceTree = "<group>"; };
		C526E8D524E30D75008290B2 /* Base */ = {isa = PBXFileReference; lastKnownFileType = file.storyboard; name = Base; path = Base.lproj/LaunchScreen.storyboard; sourceTree = "<group>"; };
		C526E8D724E30D75008290B2 /* Info.plist */ = {isa = PBXFileReference; lastKnownFileType = text.plist.xml; path = Info.plist; sourceTree = "<group>"; };
		C526E8DC24E30D75008290B2 /* MarvelCharactersTests.xctest */ = {isa = PBXFileReference; explicitFileType = wrapper.cfbundle; includeInIndex = 0; path = MarvelCharactersTests.xctest; sourceTree = BUILT_PRODUCTS_DIR; };
		C526E8E024E30D75008290B2 /* MarvelCharactersServiceTests.swift */ = {isa = PBXFileReference; lastKnownFileType = sourcecode.swift; path = MarvelCharactersServiceTests.swift; sourceTree = "<group>"; };
		C526E8E224E30D75008290B2 /* Info.plist */ = {isa = PBXFileReference; lastKnownFileType = text.plist.xml; path = Info.plist; sourceTree = "<group>"; };
		C55ACC8324E6359D009F88D3 /* ComicDetailViewController.swift */ = {isa = PBXFileReference; fileEncoding = 4; lastKnownFileType = sourcecode.swift; path = ComicDetailViewController.swift; sourceTree = "<group>"; };
		C55ACC8424E6359D009F88D3 /* ComicDetailViewModel.swift */ = {isa = PBXFileReference; fileEncoding = 4; lastKnownFileType = sourcecode.swift; path = ComicDetailViewModel.swift; sourceTree = "<group>"; };
		C55ACC8524E6359D009F88D3 /* ComicDetailView.swift */ = {isa = PBXFileReference; fileEncoding = 4; lastKnownFileType = sourcecode.swift; path = ComicDetailView.swift; sourceTree = "<group>"; };
		C55ACC8924E63E05009F88D3 /* MarvelComicsService.swift */ = {isa = PBXFileReference; lastKnownFileType = sourcecode.swift; path = MarvelComicsService.swift; sourceTree = "<group>"; };
		C56A494724E4CDF9008D5DF0 /* MarvelCharacterAPI.swift */ = {isa = PBXFileReference; lastKnownFileType = sourcecode.swift; path = MarvelCharacterAPI.swift; sourceTree = "<group>"; };
		C56A494E24E4D35E008D5DF0 /* ViewCodable.swift */ = {isa = PBXFileReference; lastKnownFileType = sourcecode.swift; path = ViewCodable.swift; sourceTree = "<group>"; };
		C56A495124E4D442008D5DF0 /* CharactersView.swift */ = {isa = PBXFileReference; fileEncoding = 4; lastKnownFileType = sourcecode.swift; path = CharactersView.swift; sourceTree = "<group>"; };
		C56A495224E4D442008D5DF0 /* CharactersViewController.swift */ = {isa = PBXFileReference; fileEncoding = 4; lastKnownFileType = sourcecode.swift; path = CharactersViewController.swift; sourceTree = "<group>"; };
		C56A495324E4D442008D5DF0 /* CharactersViewModel.swift */ = {isa = PBXFileReference; fileEncoding = 4; lastKnownFileType = sourcecode.swift; path = CharactersViewModel.swift; sourceTree = "<group>"; };
		C56A495724E4D9A4008D5DF0 /* MarvelCharactersService.swift */ = {isa = PBXFileReference; lastKnownFileType = sourcecode.swift; path = MarvelCharactersService.swift; sourceTree = "<group>"; };
		C5A0CCB024E5DBF700511437 /* CharachtersTableViewCell.swift */ = {isa = PBXFileReference; lastKnownFileType = sourcecode.swift; path = CharachtersTableViewCell.swift; sourceTree = "<group>"; };
		C5A0CCB224E5DC3F00511437 /* UIView+Extension.swift */ = {isa = PBXFileReference; lastKnownFileType = sourcecode.swift; path = "UIView+Extension.swift"; sourceTree = "<group>"; };
		C5A0CCB424E5DC5400511437 /* UIImage+Extension.swift */ = {isa = PBXFileReference; lastKnownFileType = sourcecode.swift; path = "UIImage+Extension.swift"; sourceTree = "<group>"; };
		C5A0CCB724E618BC00511437 /* CharacterDetailViewModel.swift */ = {isa = PBXFileReference; fileEncoding = 4; lastKnownFileType = sourcecode.swift; path = CharacterDetailViewModel.swift; sourceTree = "<group>"; };
		C5A0CCB824E618BC00511437 /* CharacterDetailViewController.swift */ = {isa = PBXFileReference; fileEncoding = 4; lastKnownFileType = sourcecode.swift; path = CharacterDetailViewController.swift; sourceTree = "<group>"; };
		C5A0CCB924E618BC00511437 /* CharacterDetailView.swift */ = {isa = PBXFileReference; fileEncoding = 4; lastKnownFileType = sourcecode.swift; path = CharacterDetailView.swift; sourceTree = "<group>"; };
		C5A7A3A824E656BB00CEFEAE /* MarvelComicsAPI.swift */ = {isa = PBXFileReference; lastKnownFileType = sourcecode.swift; path = MarvelComicsAPI.swift; sourceTree = "<group>"; };
		C5B66DA524E6467F0072EAE2 /* CharactersNavigationDelegateMock.swift */ = {isa = PBXFileReference; fileEncoding = 4; lastKnownFileType = sourcecode.swift; path = CharactersNavigationDelegateMock.swift; sourceTree = "<group>"; };
		C5B66DA624E6467F0072EAE2 /* CharactersViewMock.swift */ = {isa = PBXFileReference; fileEncoding = 4; lastKnownFileType = sourcecode.swift; path = CharactersViewMock.swift; sourceTree = "<group>"; };
		C5B66DA724E6467F0072EAE2 /* MarvelCharactersServiceMock.swift */ = {isa = PBXFileReference; fileEncoding = 4; lastKnownFileType = sourcecode.swift; path = MarvelCharactersServiceMock.swift; sourceTree = "<group>"; };
		C5E0780224E6460500BE852A /* CharactersViewModelTests.swift */ = {isa = PBXFileReference; lastKnownFileType = sourcecode.swift; path = CharactersViewModelTests.swift; sourceTree = "<group>"; };
/* End PBXFileReference section */

/* Begin PBXFrameworksBuildPhase section */
		C526E8C324E30D73008290B2 /* Frameworks */ = {
			isa = PBXFrameworksBuildPhase;
			buildActionMask = 2147483647;
			files = (
			);
			runOnlyForDeploymentPostprocessing = 0;
		};
		C526E8D924E30D75008290B2 /* Frameworks */ = {
			isa = PBXFrameworksBuildPhase;
			buildActionMask = 2147483647;
			files = (
			);
			runOnlyForDeploymentPostprocessing = 0;
		};
/* End PBXFrameworksBuildPhase section */

/* Begin PBXGroup section */
		C51CF03F24E4B90F00F90C2D /* Helpers */ = {
			isa = PBXGroup;
			children = (
				C51CF04024E4B91900F90C2D /* Extensions */,
				C56A494724E4CDF9008D5DF0 /* MarvelCharacterAPI.swift */,
				C5A7A3A824E656BB00CEFEAE /* MarvelComicsAPI.swift */,
				C56A494E24E4D35E008D5DF0 /* ViewCodable.swift */,
			);
			path = Helpers;
			sourceTree = "<group>";
		};
		C51CF04024E4B91900F90C2D /* Extensions */ = {
			isa = PBXGroup;
			children = (
				C51CF04124E4B92800F90C2D /* URL+Extension.swift */,
				C51CF04724E4C00200F90C2D /* String+Extension.swift */,
				C5A0CCB224E5DC3F00511437 /* UIView+Extension.swift */,
				C5A0CCB424E5DC5400511437 /* UIImage+Extension.swift */,
			);
			path = Extensions;
			sourceTree = "<group>";
		};
		C51CF04424E4B93D00F90C2D /* Resources */ = {
			isa = PBXGroup;
			children = (
				C526E8D224E30D75008290B2 /* Assets.xcassets */,
			);
			path = Resources;
			sourceTree = "<group>";
		};
		C51CF04524E4B96C00F90C2D /* Services */ = {
			isa = PBXGroup;
			children = (
				C56A495724E4D9A4008D5DF0 /* MarvelCharactersService.swift */,
				C55ACC8924E63E05009F88D3 /* MarvelComicsService.swift */,
			);
			path = Services;
			sourceTree = "<group>";
		};
		C51CF04624E4B97100F90C2D /* Module */ = {
			isa = PBXGroup;
			children = (
				C56A495024E4D421008D5DF0 /* Characters */,
				C5A0CCB624E6189B00511437 /* CharacterDetail */,
				C55ACC8224E63585009F88D3 /* ComicDetail */,
			);
			path = Module;
			sourceTree = "<group>";
		};
		C526E8BD24E30D73008290B2 = {
			isa = PBXGroup;
			children = (
				C526E8C824E30D73008290B2 /* MarvelCharacters */,
				C526E8DF24E30D75008290B2 /* MarvelCharactersTests */,
				C526E8C724E30D73008290B2 /* Products */,
			);
			sourceTree = "<group>";
		};
		C526E8C724E30D73008290B2 /* Products */ = {
			isa = PBXGroup;
			children = (
				C526E8C624E30D73008290B2 /* MarvelCharacters.app */,
				C526E8DC24E30D75008290B2 /* MarvelCharactersTests.xctest */,
			);
			name = Products;
			sourceTree = "<group>";
		};
		C526E8C824E30D73008290B2 /* MarvelCharacters */ = {
			isa = PBXGroup;
			children = (
				C526E8C924E30D73008290B2 /* AppDelegate.swift */,
				C51CF04624E4B97100F90C2D /* Module */,
				C51CF04524E4B96C00F90C2D /* Services */,
				C51CF03F24E4B90F00F90C2D /* Helpers */,
				C51CF04424E4B93D00F90C2D /* Resources */,
				C526E8D424E30D75008290B2 /* LaunchScreen.storyboard */,
				C526E8D724E30D75008290B2 /* Info.plist */,
			);
			path = MarvelCharacters;
			sourceTree = "<group>";
		};
		C526E8DF24E30D75008290B2 /* MarvelCharactersTests */ = {
			isa = PBXGroup;
			children = (
				C5E077FF24E645E400BE852A /* Module */,
				C55ACC8E24E641AB009F88D3 /* Services */,
				C526E8E224E30D75008290B2 /* Info.plist */,
			);
			path = MarvelCharactersTests;
			sourceTree = "<group>";
		};
		C55ACC8224E63585009F88D3 /* ComicDetail */ = {
			isa = PBXGroup;
			children = (
				C55ACC8524E6359D009F88D3 /* ComicDetailView.swift */,
				C55ACC8424E6359D009F88D3 /* ComicDetailViewModel.swift */,
				C55ACC8324E6359D009F88D3 /* ComicDetailViewController.swift */,
			);
			path = ComicDetail;
			sourceTree = "<group>";
		};
		C55ACC8E24E641AB009F88D3 /* Services */ = {
			isa = PBXGroup;
			children = (
				C526E8E024E30D75008290B2 /* MarvelCharactersServiceTests.swift */,
			);
			path = Services;
			sourceTree = "<group>";
		};
		C56A495024E4D421008D5DF0 /* Characters */ = {
			isa = PBXGroup;
			children = (
				C5A0CCAF24E5DB8000511437 /* Cell */,
				C56A495124E4D442008D5DF0 /* CharactersView.swift */,
				C56A495324E4D442008D5DF0 /* CharactersViewModel.swift */,
				C56A495224E4D442008D5DF0 /* CharactersViewController.swift */,
			);
			path = Characters;
			sourceTree = "<group>";
		};
		C5A0CCAF24E5DB8000511437 /* Cell */ = {
			isa = PBXGroup;
			children = (
				C5A0CCB024E5DBF700511437 /* CharachtersTableViewCell.swift */,
			);
			path = Cell;
			sourceTree = "<group>";
		};
		C5A0CCB624E6189B00511437 /* CharacterDetail */ = {
			isa = PBXGroup;
			children = (
				C5A0CCB924E618BC00511437 /* CharacterDetailView.swift */,
				C5A0CCB724E618BC00511437 /* CharacterDetailViewModel.swift */,
				C5A0CCB824E618BC00511437 /* CharacterDetailViewController.swift */,
			);
			path = CharacterDetail;
			sourceTree = "<group>";
		};
		C5E077FF24E645E400BE852A /* Module */ = {
			isa = PBXGroup;
			children = (
				C5E0780024E645EC00BE852A /* Characters */,
			);
			path = Module;
			sourceTree = "<group>";
		};
		C5E0780024E645EC00BE852A /* Characters */ = {
			isa = PBXGroup;
			children = (
				C5E0780124E645F400BE852A /* Mocks */,
				C5E0780224E6460500BE852A /* CharactersViewModelTests.swift */,
			);
			path = Characters;
			sourceTree = "<group>";
		};
		C5E0780124E645F400BE852A /* Mocks */ = {
			isa = PBXGroup;
			children = (
				C5B66DA724E6467F0072EAE2 /* MarvelCharactersServiceMock.swift */,
				C5B66DA624E6467F0072EAE2 /* CharactersViewMock.swift */,
				C5B66DA524E6467F0072EAE2 /* CharactersNavigationDelegateMock.swift */,
			);
			path = Mocks;
			sourceTree = "<group>";
		};
/* End PBXGroup section */

/* Begin PBXNativeTarget section */
		C526E8C524E30D73008290B2 /* MarvelCharacters */ = {
			isa = PBXNativeTarget;
			buildConfigurationList = C526E8E524E30D75008290B2 /* Build configuration list for PBXNativeTarget "MarvelCharacters" */;
			buildPhases = (
				C526E8C224E30D73008290B2 /* Sources */,
				C526E8C324E30D73008290B2 /* Frameworks */,
				C526E8C424E30D73008290B2 /* Resources */,
				C526E8EB24E30DFA008290B2 /* SwiftLint */,
			);
			buildRules = (
			);
			dependencies = (
			);
			name = MarvelCharacters;
			productName = MarvelCharacters;
			productReference = C526E8C624E30D73008290B2 /* MarvelCharacters.app */;
			productType = "com.apple.product-type.application";
		};
		C526E8DB24E30D75008290B2 /* MarvelCharactersTests */ = {
			isa = PBXNativeTarget;
			buildConfigurationList = C526E8E824E30D75008290B2 /* Build configuration list for PBXNativeTarget "MarvelCharactersTests" */;
			buildPhases = (
				C526E8D824E30D75008290B2 /* Sources */,
				C526E8D924E30D75008290B2 /* Frameworks */,
				C526E8DA24E30D75008290B2 /* Resources */,
			);
			buildRules = (
			);
			dependencies = (
				C526E8DE24E30D75008290B2 /* PBXTargetDependency */,
			);
			name = MarvelCharactersTests;
			productName = MarvelCharactersTests;
			productReference = C526E8DC24E30D75008290B2 /* MarvelCharactersTests.xctest */;
			productType = "com.apple.product-type.bundle.unit-test";
		};
/* End PBXNativeTarget section */

/* Begin PBXProject section */
		C526E8BE24E30D73008290B2 /* Project object */ = {
			isa = PBXProject;
			attributes = {
				LastSwiftUpdateCheck = 1160;
				LastUpgradeCheck = 1160;
				ORGANIZATIONNAME = "Ivo Dutra";
				TargetAttributes = {
					C526E8C524E30D73008290B2 = {
						CreatedOnToolsVersion = 11.6;
					};
					C526E8DB24E30D75008290B2 = {
						CreatedOnToolsVersion = 11.6;
						TestTargetID = C526E8C524E30D73008290B2;
					};
				};
			};
			buildConfigurationList = C526E8C124E30D73008290B2 /* Build configuration list for PBXProject "MarvelCharacters" */;
			compatibilityVersion = "Xcode 9.3";
			developmentRegion = en;
			hasScannedForEncodings = 0;
			knownRegions = (
				en,
				Base,
			);
			mainGroup = C526E8BD24E30D73008290B2;
			productRefGroup = C526E8C724E30D73008290B2 /* Products */;
			projectDirPath = "";
			projectRoot = "";
			targets = (
				C526E8C524E30D73008290B2 /* MarvelCharacters */,
				C526E8DB24E30D75008290B2 /* MarvelCharactersTests */,
			);
		};
/* End PBXProject section */

/* Begin PBXResourcesBuildPhase section */
		C526E8C424E30D73008290B2 /* Resources */ = {
			isa = PBXResourcesBuildPhase;
			buildActionMask = 2147483647;
			files = (
				C526E8D624E30D75008290B2 /* LaunchScreen.storyboard in Resources */,
				C526E8D324E30D75008290B2 /* Assets.xcassets in Resources */,
			);
			runOnlyForDeploymentPostprocessing = 0;
		};
		C526E8DA24E30D75008290B2 /* Resources */ = {
			isa = PBXResourcesBuildPhase;
			buildActionMask = 2147483647;
			files = (
			);
			runOnlyForDeploymentPostprocessing = 0;
		};
/* End PBXResourcesBuildPhase section */

/* Begin PBXShellScriptBuildPhase section */
		C526E8EB24E30DFA008290B2 /* SwiftLint */ = {
			isa = PBXShellScriptBuildPhase;
			buildActionMask = 2147483647;
			files = (
			);
			inputFileListPaths = (
			);
			inputPaths = (
			);
			name = SwiftLint;
			outputFileListPaths = (
			);
			outputPaths = (
			);
			runOnlyForDeploymentPostprocessing = 0;
			shellPath = /bin/sh;
			shellScript = "if which swiftlint >/dev/null; then\n  swiftlint\nelse\n  echo \"warning: SwiftLint not installed, download from https://github.com/realm/SwiftLint\"\nfi\n";
		};
/* End PBXShellScriptBuildPhase section */

/* Begin PBXSourcesBuildPhase section */
		C526E8C224E30D73008290B2 /* Sources */ = {
			isa = PBXSourcesBuildPhase;
			buildActionMask = 2147483647;
			files = (
				C5A0CCB524E5DC5400511437 /* UIImage+Extension.swift in Sources */,
				C55ACC8A24E63E05009F88D3 /* MarvelComicsService.swift in Sources */,
				C51CF04224E4B92800F90C2D /* URL+Extension.swift in Sources */,
				C5A0CCBC24E618BC00511437 /* CharacterDetailView.swift in Sources */,
				C56A495624E4D442008D5DF0 /* CharactersViewModel.swift in Sources */,
				C526E8CA24E30D73008290B2 /* AppDelegate.swift in Sources */,
				C5A0CCBB24E618BC00511437 /* CharacterDetailViewController.swift in Sources */,
				C55ACC8724E6359D009F88D3 /* ComicDetailViewModel.swift in Sources */,
				C51CF04824E4C00200F90C2D /* String+Extension.swift in Sources */,
				C56A495824E4D9A4008D5DF0 /* MarvelCharactersService.swift in Sources */,
				C5A0CCBA24E618BC00511437 /* CharacterDetailViewModel.swift in Sources */,
				C5A7A3A924E656BB00CEFEAE /* MarvelComicsAPI.swift in Sources */,
				C5A0CCB324E5DC3F00511437 /* UIView+Extension.swift in Sources */,
				C56A494F24E4D35E008D5DF0 /* ViewCodable.swift in Sources */,
				C56A495424E4D442008D5DF0 /* CharactersView.swift in Sources */,
				C56A495524E4D442008D5DF0 /* CharactersViewController.swift in Sources */,
				C55ACC8824E6359D009F88D3 /* ComicDetailView.swift in Sources */,
				C56A494824E4CDF9008D5DF0 /* MarvelCharacterAPI.swift in Sources */,
				C55ACC8624E6359D009F88D3 /* ComicDetailViewController.swift in Sources */,
				C5A0CCB124E5DBF700511437 /* CharachtersTableViewCell.swift in Sources */,
			);
			runOnlyForDeploymentPostprocessing = 0;
		};
		C526E8D824E30D75008290B2 /* Sources */ = {
			isa = PBXSourcesBuildPhase;
			buildActionMask = 2147483647;
			files = (
				C5E0780324E6460500BE852A /* CharactersViewModelTests.swift in Sources */,
				C5B66DA924E6467F0072EAE2 /* CharactersViewMock.swift in Sources */,
				C5B66DAA24E6467F0072EAE2 /* MarvelCharactersServiceMock.swift in Sources */,
				C526E8E124E30D75008290B2 /* MarvelCharactersServiceTests.swift in Sources */,
				C5B66DA824E6467F0072EAE2 /* CharactersNavigationDelegateMock.swift in Sources */,
			);
			runOnlyForDeploymentPostprocessing = 0;
		};
/* End PBXSourcesBuildPhase section */

/* Begin PBXTargetDependency section */
		C526E8DE24E30D75008290B2 /* PBXTargetDependency */ = {
			isa = PBXTargetDependency;
			target = C526E8C524E30D73008290B2 /* MarvelCharacters */;
			targetProxy = C526E8DD24E30D75008290B2 /* PBXContainerItemProxy */;
		};
/* End PBXTargetDependency section */

/* Begin PBXVariantGroup section */
		C526E8D424E30D75008290B2 /* LaunchScreen.storyboard */ = {
			isa = PBXVariantGroup;
			children = (
				C526E8D524E30D75008290B2 /* Base */,
			);
			name = LaunchScreen.storyboard;
			sourceTree = "<group>";
		};
/* End PBXVariantGroup section */

/* Begin XCBuildConfiguration section */
		C526E8E324E30D75008290B2 /* Debug */ = {
			isa = XCBuildConfiguration;
			buildSettings = {
				ALWAYS_SEARCH_USER_PATHS = NO;
				CLANG_ANALYZER_NONNULL = YES;
				CLANG_ANALYZER_NUMBER_OBJECT_CONVERSION = YES_AGGRESSIVE;
				CLANG_CXX_LANGUAGE_STANDARD = "gnu++14";
				CLANG_CXX_LIBRARY = "libc++";
				CLANG_ENABLE_MODULES = YES;
				CLANG_ENABLE_OBJC_ARC = YES;
				CLANG_ENABLE_OBJC_WEAK = YES;
				CLANG_WARN_BLOCK_CAPTURE_AUTORELEASING = YES;
				CLANG_WARN_BOOL_CONVERSION = YES;
				CLANG_WARN_COMMA = YES;
				CLANG_WARN_CONSTANT_CONVERSION = YES;
				CLANG_WARN_DEPRECATED_OBJC_IMPLEMENTATIONS = YES;
				CLANG_WARN_DIRECT_OBJC_ISA_USAGE = YES_ERROR;
				CLANG_WARN_DOCUMENTATION_COMMENTS = YES;
				CLANG_WARN_EMPTY_BODY = YES;
				CLANG_WARN_ENUM_CONVERSION = YES;
				CLANG_WARN_INFINITE_RECURSION = YES;
				CLANG_WARN_INT_CONVERSION = YES;
				CLANG_WARN_NON_LITERAL_NULL_CONVERSION = YES;
				CLANG_WARN_OBJC_IMPLICIT_RETAIN_SELF = YES;
				CLANG_WARN_OBJC_LITERAL_CONVERSION = YES;
				CLANG_WARN_OBJC_ROOT_CLASS = YES_ERROR;
				CLANG_WARN_RANGE_LOOP_ANALYSIS = YES;
				CLANG_WARN_STRICT_PROTOTYPES = YES;
				CLANG_WARN_SUSPICIOUS_MOVE = YES;
				CLANG_WARN_UNGUARDED_AVAILABILITY = YES_AGGRESSIVE;
				CLANG_WARN_UNREACHABLE_CODE = YES;
				CLANG_WARN__DUPLICATE_METHOD_MATCH = YES;
				COPY_PHASE_STRIP = NO;
				DEBUG_INFORMATION_FORMAT = dwarf;
				ENABLE_STRICT_OBJC_MSGSEND = YES;
				ENABLE_TESTABILITY = YES;
				GCC_C_LANGUAGE_STANDARD = gnu11;
				GCC_DYNAMIC_NO_PIC = NO;
				GCC_NO_COMMON_BLOCKS = YES;
				GCC_OPTIMIZATION_LEVEL = 0;
				GCC_PREPROCESSOR_DEFINITIONS = (
					"DEBUG=1",
					"$(inherited)",
				);
				GCC_WARN_64_TO_32_BIT_CONVERSION = YES;
				GCC_WARN_ABOUT_RETURN_TYPE = YES_ERROR;
				GCC_WARN_UNDECLARED_SELECTOR = YES;
				GCC_WARN_UNINITIALIZED_AUTOS = YES_AGGRESSIVE;
				GCC_WARN_UNUSED_FUNCTION = YES;
				GCC_WARN_UNUSED_VARIABLE = YES;
				IPHONEOS_DEPLOYMENT_TARGET = 13.6;
				MTL_ENABLE_DEBUG_INFO = INCLUDE_SOURCE;
				MTL_FAST_MATH = YES;
				ONLY_ACTIVE_ARCH = YES;
				SDKROOT = iphoneos;
				SWIFT_ACTIVE_COMPILATION_CONDITIONS = DEBUG;
				SWIFT_OPTIMIZATION_LEVEL = "-Onone";
			};
			name = Debug;
		};
		C526E8E424E30D75008290B2 /* Release */ = {
			isa = XCBuildConfiguration;
			buildSettings = {
				ALWAYS_SEARCH_USER_PATHS = NO;
				CLANG_ANALYZER_NONNULL = YES;
				CLANG_ANALYZER_NUMBER_OBJECT_CONVERSION = YES_AGGRESSIVE;
				CLANG_CXX_LANGUAGE_STANDARD = "gnu++14";
				CLANG_CXX_LIBRARY = "libc++";
				CLANG_ENABLE_MODULES = YES;
				CLANG_ENABLE_OBJC_ARC = YES;
				CLANG_ENABLE_OBJC_WEAK = YES;
				CLANG_WARN_BLOCK_CAPTURE_AUTORELEASING = YES;
				CLANG_WARN_BOOL_CONVERSION = YES;
				CLANG_WARN_COMMA = YES;
				CLANG_WARN_CONSTANT_CONVERSION = YES;
				CLANG_WARN_DEPRECATED_OBJC_IMPLEMENTATIONS = YES;
				CLANG_WARN_DIRECT_OBJC_ISA_USAGE = YES_ERROR;
				CLANG_WARN_DOCUMENTATION_COMMENTS = YES;
				CLANG_WARN_EMPTY_BODY = YES;
				CLANG_WARN_ENUM_CONVERSION = YES;
				CLANG_WARN_INFINITE_RECURSION = YES;
				CLANG_WARN_INT_CONVERSION = YES;
				CLANG_WARN_NON_LITERAL_NULL_CONVERSION = YES;
				CLANG_WARN_OBJC_IMPLICIT_RETAIN_SELF = YES;
				CLANG_WARN_OBJC_LITERAL_CONVERSION = YES;
				CLANG_WARN_OBJC_ROOT_CLASS = YES_ERROR;
				CLANG_WARN_RANGE_LOOP_ANALYSIS = YES;
				CLANG_WARN_STRICT_PROTOTYPES = YES;
				CLANG_WARN_SUSPICIOUS_MOVE = YES;
				CLANG_WARN_UNGUARDED_AVAILABILITY = YES_AGGRESSIVE;
				CLANG_WARN_UNREACHABLE_CODE = YES;
				CLANG_WARN__DUPLICATE_METHOD_MATCH = YES;
				COPY_PHASE_STRIP = NO;
				DEBUG_INFORMATION_FORMAT = "dwarf-with-dsym";
				ENABLE_NS_ASSERTIONS = NO;
				ENABLE_STRICT_OBJC_MSGSEND = YES;
				GCC_C_LANGUAGE_STANDARD = gnu11;
				GCC_NO_COMMON_BLOCKS = YES;
				GCC_WARN_64_TO_32_BIT_CONVERSION = YES;
				GCC_WARN_ABOUT_RETURN_TYPE = YES_ERROR;
				GCC_WARN_UNDECLARED_SELECTOR = YES;
				GCC_WARN_UNINITIALIZED_AUTOS = YES_AGGRESSIVE;
				GCC_WARN_UNUSED_FUNCTION = YES;
				GCC_WARN_UNUSED_VARIABLE = YES;
				IPHONEOS_DEPLOYMENT_TARGET = 13.6;
				MTL_ENABLE_DEBUG_INFO = NO;
				MTL_FAST_MATH = YES;
				SDKROOT = iphoneos;
				SWIFT_COMPILATION_MODE = wholemodule;
				SWIFT_OPTIMIZATION_LEVEL = "-O";
				VALIDATE_PRODUCT = YES;
			};
			name = Release;
		};
		C526E8E624E30D75008290B2 /* Debug */ = {
			isa = XCBuildConfiguration;
			buildSettings = {
				ASSETCATALOG_COMPILER_APPICON_NAME = AppIcon;
				CODE_SIGN_STYLE = Automatic;
				INFOPLIST_FILE = MarvelCharacters/Info.plist;
				LD_RUNPATH_SEARCH_PATHS = (
					"$(inherited)",
					"@executable_path/Frameworks",
				);
				PRODUCT_BUNDLE_IDENTIFIER = "Ivo-Dutra.MarvelCharacters";
				PRODUCT_NAME = "$(TARGET_NAME)";
				SWIFT_VERSION = 5.0;
				TARGETED_DEVICE_FAMILY = "1,2";
			};
			name = Debug;
		};
		C526E8E724E30D75008290B2 /* Release */ = {
			isa = XCBuildConfiguration;
			buildSettings = {
				ASSETCATALOG_COMPILER_APPICON_NAME = AppIcon;
				CODE_SIGN_STYLE = Automatic;
				INFOPLIST_FILE = MarvelCharacters/Info.plist;
				LD_RUNPATH_SEARCH_PATHS = (
					"$(inherited)",
					"@executable_path/Frameworks",
				);
				PRODUCT_BUNDLE_IDENTIFIER = "Ivo-Dutra.MarvelCharacters";
				PRODUCT_NAME = "$(TARGET_NAME)";
				SWIFT_VERSION = 5.0;
				TARGETED_DEVICE_FAMILY = "1,2";
			};
			name = Release;
		};
		C526E8E924E30D75008290B2 /* Debug */ = {
			isa = XCBuildConfiguration;
			buildSettings = {
				ALWAYS_EMBED_SWIFT_STANDARD_LIBRARIES = YES;
				BUNDLE_LOADER = "$(TEST_HOST)";
				CODE_SIGN_STYLE = Automatic;
				INFOPLIST_FILE = MarvelCharactersTests/Info.plist;
				IPHONEOS_DEPLOYMENT_TARGET = 13.6;
				LD_RUNPATH_SEARCH_PATHS = (
					"$(inherited)",
					"@executable_path/Frameworks",
					"@loader_path/Frameworks",
				);
				PRODUCT_BUNDLE_IDENTIFIER = "Ivo-Dutra.MarvelCharactersTests";
				PRODUCT_NAME = "$(TARGET_NAME)";
				SWIFT_VERSION = 5.0;
				TARGETED_DEVICE_FAMILY = "1,2";
				TEST_HOST = "$(BUILT_PRODUCTS_DIR)/MarvelCharacters.app/MarvelCharacters";
			};
			name = Debug;
		};
		C526E8EA24E30D75008290B2 /* Release */ = {
			isa = XCBuildConfiguration;
			buildSettings = {
				ALWAYS_EMBED_SWIFT_STANDARD_LIBRARIES = YES;
				BUNDLE_LOADER = "$(TEST_HOST)";
				CODE_SIGN_STYLE = Automatic;
				INFOPLIST_FILE = MarvelCharactersTests/Info.plist;
				IPHONEOS_DEPLOYMENT_TARGET = 13.6;
				LD_RUNPATH_SEARCH_PATHS = (
					"$(inherited)",
					"@executable_path/Frameworks",
					"@loader_path/Frameworks",
				);
				PRODUCT_BUNDLE_IDENTIFIER = "Ivo-Dutra.MarvelCharactersTests";
				PRODUCT_NAME = "$(TARGET_NAME)";
				SWIFT_VERSION = 5.0;
				TARGETED_DEVICE_FAMILY = "1,2";
				TEST_HOST = "$(BUILT_PRODUCTS_DIR)/MarvelCharacters.app/MarvelCharacters";
			};
			name = Release;
		};
/* End XCBuildConfiguration section */

/* Begin XCConfigurationList section */
		C526E8C124E30D73008290B2 /* Build configuration list for PBXProject "MarvelCharacters" */ = {
			isa = XCConfigurationList;
			buildConfigurations = (
				C526E8E324E30D75008290B2 /* Debug */,
				C526E8E424E30D75008290B2 /* Release */,
			);
			defaultConfigurationIsVisible = 0;
			defaultConfigurationName = Release;
		};
		C526E8E524E30D75008290B2 /* Build configuration list for PBXNativeTarget "MarvelCharacters" */ = {
			isa = XCConfigurationList;
			buildConfigurations = (
				C526E8E624E30D75008290B2 /* Debug */,
				C526E8E724E30D75008290B2 /* Release */,
			);
			defaultConfigurationIsVisible = 0;
			defaultConfigurationName = Release;
		};
		C526E8E824E30D75008290B2 /* Build configuration list for PBXNativeTarget "MarvelCharactersTests" */ = {
			isa = XCConfigurationList;
			buildConfigurations = (
				C526E8E924E30D75008290B2 /* Debug */,
				C526E8EA24E30D75008290B2 /* Release */,
			);
			defaultConfigurationIsVisible = 0;
			defaultConfigurationName = Release;
		};
/* End XCConfigurationList section */
	};
	rootObject = C526E8BE24E30D73008290B2 /* Project object */;
}
